{
  "version": 4,
  "terraform_version": "0.14.5",
  "serial": 1,
  "lineage": "334c6d52-b630-07d6-d141-c75c39061436",
  "outputs": {},
  "resources": [
    {
      "mode": "data",
      "type": "aws_subnet_ids",
      "name": "private",
      "provider": "provider[\"registry.terraform.io/hashicorp/aws\"]",
      "instances": [
        {
          "schema_version": 0,
          "attributes": {
            "filter": null,
            "id": "vpc-003e06e33a87c22f5",
            "ids": [
              "subnet-081c9cbe188e2e3c5",
              "subnet-08a678ede68202ff3",
              "subnet-0bd9b444e36f39c73"
            ],
            "tags": {
              "Tier": "private"
            },
            "vpc_id": "vpc-003e06e33a87c22f5"
          },
          "sensitive_attributes": []
        }
      ]
    },
    {
      "mode": "data",
      "type": "aws_subnet_ids",
      "name": "public",
      "provider": "provider[\"registry.terraform.io/hashicorp/aws\"]",
      "instances": [
        {
          "schema_version": 0,
          "attributes": {
            "filter": null,
            "id": "vpc-003e06e33a87c22f5",
            "ids": [
              "subnet-00c19a30fa6b76852",
              "subnet-0c1f211ad083a2e1d",
              "subnet-0e37555db319fd73a"
            ],
            "tags": {
              "Tier": "public"
            },
            "vpc_id": "vpc-003e06e33a87c22f5"
          },
          "sensitive_attributes": []
        }
      ]
    },
    {
      "mode": "data",
      "type": "aws_vpc",
      "name": "default_vpc",
      "provider": "provider[\"registry.terraform.io/hashicorp/aws\"]",
      "instances": [
        {
          "schema_version": 0,
          "attributes": {
            "arn": "arn:aws:ec2:ap-southeast-2:553479592532:vpc/vpc-003e06e33a87c22f5",
            "cidr_block": "10.69.160.0/19",
            "cidr_block_associations": [
              {
                "association_id": "vpc-cidr-assoc-0049d97ee1e07df13",
                "cidr_block": "10.69.160.0/19",
                "state": "associated"
              }
            ],
            "default": false,
            "dhcp_options_id": "dopt-0eaf801167d504046",
            "enable_dns_hostnames": true,
            "enable_dns_support": true,
            "filter": null,
            "id": "vpc-003e06e33a87c22f5",
            "instance_tenancy": "default",
            "ipv6_association_id": null,
            "ipv6_cidr_block": null,
            "main_route_table_id": "rtb-0a7cfd853a3348554",
            "owner_id": "553479592532",
            "state": "available",
            "tags": {
              "Application": "Base Infrastructure",
              "Client": "IRESS",
              "DataClassification": "Confidential",
              "Default": "true",
              "Name": "technet-dev-au",
              "Owner": "Platform",
              "Product": "IRESS Cloud Platform",
              "TaggingStandardVersion": "2"
            }
          },
          "sensitive_attributes": []
        }
      ]
    },
    {
      "mode": "data",
      "type": "aws_vpcs",
      "name": "vpc_id",
      "provider": "provider[\"registry.terraform.io/hashicorp/aws\"]",
      "instances": [
        {
          "schema_version": 0,
          "attributes": {
            "filter": null,
            "id": "ap-southeast-2",
            "ids": [
              "vpc-003e06e33a87c22f5"
            ],
            "tags": {
              "Default": "true"
            }
          },
          "sensitive_attributes": []
        }
      ]
    },
    {
      "module": "module.api_service_cluster",
      "mode": "managed",
      "type": "aws_ecs_cluster",
      "name": "ecs_cluster",
      "provider": "provider[\"registry.terraform.io/hashicorp/aws\"]",
      "instances": [
        {
          "schema_version": 0,
          "attributes": {
            "arn": "arn:aws:ecs:ap-southeast-2:553479592532:cluster/api-service-ap-southeast-2-cluster",
            "capacity_providers": null,
            "default_capacity_provider_strategy": [],
            "id": "arn:aws:ecs:ap-southeast-2:553479592532:cluster/api-service-ap-southeast-2-cluster",
            "name": "api-service-ap-southeast-2-cluster",
            "setting": [
              {
                "name": "containerInsights",
                "value": "enabled"
              }
            ],
            "tags": {
              "Application": "Trading Service",
              "Environment": "technet",
              "Owner": "Trading",
              "Product": "IOS+",
              "Region": "ap-southeast-2"
            }
          },
          "sensitive_attributes": [],
          "private": "bnVsbA=="
        }
      ]
    }
  ]
}
